Microsoft Visual Studio Solution File, Format Version 12.00
# Visual Studio 2012
Project("{FAE04EC0-301F-11D3-BF4B-00C04F79EFBC}") = "Bidivision", "Bidivision.csproj", "{E8CCCD51-A066-4B60-B208-D704881A2FDF}"
EndProject
Global
	GlobalSection(SolutionConfigurationPlatforms) = preSolution
	Debug|Any CPU = Debug|Any CPU
	ExportDebug|Any CPU = ExportDebug|Any CPU
	ExportRelease|Any CPU = ExportRelease|Any CPU
	EndGlobalSection
	GlobalSection(ProjectConfigurationPlatforms) = postSolution
		{E8CCCD51-A066-4B60-B208-D704881A2FDF}.Debug|Any CPU.ActiveCfg = Debug|Any CPU
		{E8CCCD51-A066-4B60-B208-D704881A2FDF}.Debug|Any CPU.Build.0 = Debug|Any CPU
		{E8CCCD51-A066-4B60-B208-D704881A2FDF}.ExportDebug|Any CPU.ActiveCfg = ExportDebug|Any CPU
		{E8CCCD51-A066-4B60-B208-D704881A2FDF}.ExportDebug|Any CPU.Build.0 = ExportDebug|Any CPU
		{E8CCCD51-A066-4B60-B208-D704881A2FDF}.ExportRelease|Any CPU.ActiveCfg = ExportRelease|Any CPU
		{E8CCCD51-A066-4B60-B208-D704881A2FDF}.ExportRelease|Any CPU.Build.0 = ExportRelease|Any CPU
	EndGlobalSection
EndGlobal
